
Microsoft Visual Studio Solution File, Format Version 12.00
# Visual Studio Version 17
VisualStudioVersion = 17.8.34525.116
MinimumVisualStudioVersion = 10.0.40219.1
Project("{FAE04EC0-301F-11D3-BF4B-00C04F79EFBC}") = "UsTicketServ", "UsTicketServ\UsTicketServ.csproj", "{B8ABE0D5-29BE-40DB-8816-09588E6557D1}"
EndProject
Project("{FAE04EC0-301F-11D3-BF4B-00C04F79EFBC}") = "UsTicketServ.Tests", "UsTicketServ.Tests\UsTicketServ.Tests.csproj", "{19E72DDE-7BA5-4835-B419-09FF8D9F46C6}"
EndProject
Global
	GlobalSection(SolutionConfigurationPlatforms) = preSolution
		Debug|Any CPU = Debug|Any CPU
		Release|Any CPU = Release|Any CPU
	EndGlobalSection
	GlobalSection(ProjectConfigurationPlatforms) = postSolution
		{B8ABE0D5-29BE-40DB-8816-09588E6557D1}.Debug|Any CPU.ActiveCfg = Debug|Any CPU
		{B8ABE0D5-29BE-40DB-8816-09588E6557D1}.Debug|Any CPU.Build.0 = Debug|Any CPU
		{B8ABE0D5-29BE-40DB-8816-09588E6557D1}.Release|Any CPU.ActiveCfg = Release|Any CPU
		{B8ABE0D5-29BE-40DB-8816-09588E6557D1}.Release|Any CPU.Build.0 = Release|Any CPU
		{19E72DDE-7BA5-4835-B419-09FF8D9F46C6}.Debug|Any CPU.ActiveCfg = Debug|Any CPU
		{19E72DDE-7BA5-4835-B419-09FF8D9F46C6}.Debug|Any CPU.Build.0 = Debug|Any CPU
		{19E72DDE-7BA5-4835-B419-09FF8D9F46C6}.Release|Any CPU.ActiveCfg = Release|Any CPU
		{19E72DDE-7BA5-4835-B419-09FF8D9F46C6}.Release|Any CPU.Build.0 = Release|Any CPU
	EndGlobalSection
	GlobalSection(SolutionProperties) = preSolution
		HideSolutionNode = FALSE
	EndGlobalSection
	GlobalSection(ExtensibilityGlobals) = postSolution
		SolutionGuid = {F5A7B6DB-F9B1-4E0C-85D5-03B88E6E4850}
	EndGlobalSection
EndGlobal
